
Microsoft Visual Studio Solution File, Format Version 12.00
# Visual Studio Version 16
VisualStudioVersion = 16.0.31624.102
MinimumVisualStudioVersion = 10.0.40219.1
Project("{8BC9CEB8-8B4A-11D0-8D11-00A0C91BC942}") = "NewList", "NewList.vcxproj", "{3F7606B4-BCC1-430F-8973-80A90CC852EB}"
EndProject
Global
	GlobalSection(SolutionConfigurationPlatforms) = preSolution
		Debug|x64 = Debug|x64
		Debug|x86 = Debug|x86
		Release|x64 = Release|x64
		Release|x86 = Release|x86
	EndGlobalSection
	GlobalSection(ProjectConfigurationPlatforms) = postSolution
		{3F7606B4-BCC1-430F-8973-80A90CC852EB}.Debug|x64.ActiveCfg = Debug|x64
		{3F7606B4-BCC1-430F-8973-80A90CC852EB}.Debug|x64.Build.0 = Debug|x64
		{3F7606B4-BCC1-430F-8973-80A90CC852EB}.Debug|x86.ActiveCfg = Debug|Win32
		{3F7606B4-BCC1-430F-8973-80A90CC852EB}.Debug|x86.Build.0 = Debug|Win32
		{3F7606B4-BCC1-430F-8973-80A90CC852EB}.Release|x64.ActiveCfg = Release|x64
		{3F7606B4-BCC1-430F-8973-80A90CC852EB}.Release|x64.Build.0 = Release|x64
		{3F7606B4-BCC1-430F-8973-80A90CC852EB}.Release|x86.ActiveCfg = Release|Win32
		{3F7606B4-BCC1-430F-8973-80A90CC852EB}.Release|x86.Build.0 = Release|Win32
	EndGlobalSection
	GlobalSection(SolutionProperties) = preSolution
		HideSolutionNode = FALSE
	EndGlobalSection
	GlobalSection(ExtensibilityGlobals) = postSolution
		SolutionGuid = {A5623938-72E1-4481-9153-E9917C2D8366}
	EndGlobalSection
EndGlobal
