
Microsoft Visual Studio Solution File, Format Version 12.00
# Visual Studio Version 16
VisualStudioVersion = 16.0.31321.278
MinimumVisualStudioVersion = 10.0.40219.1
Project("{8BC9CEB8-8B4A-11D0-8D11-00A0C91BC942}") = "38.ElevSpel", "38.ElevSpel\38.ElevSpel.vcxproj", "{2ABB3181-FE65-4FE7-9EC6-2E6D06660BCE}"
EndProject
Global
	GlobalSection(SolutionConfigurationPlatforms) = preSolution
		Debug|x64 = Debug|x64
		Debug|x86 = Debug|x86
		Release|x64 = Release|x64
		Release|x86 = Release|x86
	EndGlobalSection
	GlobalSection(ProjectConfigurationPlatforms) = postSolution
		{2ABB3181-FE65-4FE7-9EC6-2E6D06660BCE}.Debug|x64.ActiveCfg = Debug|x64
		{2ABB3181-FE65-4FE7-9EC6-2E6D06660BCE}.Debug|x64.Build.0 = Debug|x64
		{2ABB3181-FE65-4FE7-9EC6-2E6D06660BCE}.Debug|x86.ActiveCfg = Debug|Win32
		{2ABB3181-FE65-4FE7-9EC6-2E6D06660BCE}.Debug|x86.Build.0 = Debug|Win32
		{2ABB3181-FE65-4FE7-9EC6-2E6D06660BCE}.Release|x64.ActiveCfg = Release|x64
		{2ABB3181-FE65-4FE7-9EC6-2E6D06660BCE}.Release|x64.Build.0 = Release|x64
		{2ABB3181-FE65-4FE7-9EC6-2E6D06660BCE}.Release|x86.ActiveCfg = Release|Win32
		{2ABB3181-FE65-4FE7-9EC6-2E6D06660BCE}.Release|x86.Build.0 = Release|Win32
	EndGlobalSection
	GlobalSection(SolutionProperties) = preSolution
		HideSolutionNode = FALSE
	EndGlobalSection
	GlobalSection(ExtensibilityGlobals) = postSolution
		SolutionGuid = {2A87C241-A213-47F1-89CF-A85A96D8F83B}
	EndGlobalSection
EndGlobal
